
Microsoft Visual Studio Solution File, Format Version 12.00
# Visual Studio Version 17
VisualStudioVersion = 17.9.34622.214
MinimumVisualStudioVersion = 10.0.40219.1
Project("{FAE04EC0-301F-11D3-BF4B-00C04F79EFBC}") = "Proje_Hastane", "Proje_Hastane\Proje_Hastane.csproj", "{A18C0C74-A80F-41F9-8855-AF954C689619}"
EndProject
Global
	GlobalSection(SolutionConfigurationPlatforms) = preSolution
		Debug|Any CPU = Debug|Any CPU
		Release|Any CPU = Release|Any CPU
	EndGlobalSection
	GlobalSection(ProjectConfigurationPlatforms) = postSolution
		{A18C0C74-A80F-41F9-8855-AF954C689619}.Debug|Any CPU.ActiveCfg = Debug|Any CPU
		{A18C0C74-A80F-41F9-8855-AF954C689619}.Debug|Any CPU.Build.0 = Debug|Any CPU
		{A18C0C74-A80F-41F9-8855-AF954C689619}.Release|Any CPU.ActiveCfg = Release|Any CPU
		{A18C0C74-A80F-41F9-8855-AF954C689619}.Release|Any CPU.Build.0 = Release|Any CPU
	EndGlobalSection
	GlobalSection(SolutionProperties) = preSolution
		HideSolutionNode = FALSE
	EndGlobalSection
	GlobalSection(ExtensibilityGlobals) = postSolution
		SolutionGuid = {10DB55F9-2685-487F-8962-F5B8B0357351}
	EndGlobalSection
EndGlobal
